
Microsoft Visual Studio Solution File, Format Version 12.00
# Visual Studio Version 16
VisualStudioVersion = 16.0.30204.135
MinimumVisualStudioVersion = 10.0.40219.1
Project("{9A19103F-16F7-4668-BE54-9A1E7A4F7556}") = "MyVet.Common", "MyVet.Common\MyVet.Common.csproj", "{6D3D9CC1-C079-498F-A067-9649420D629E}"
EndProject
Project("{9A19103F-16F7-4668-BE54-9A1E7A4F7556}") = "MyVet.Web", "MyVet.Web\MyVet.Web.csproj", "{739877F5-64B7-442D-967A-8745C62E3D5F}"
EndProject
Project("{9A19103F-16F7-4668-BE54-9A1E7A4F7556}") = "MyVet.Prism", "MyVet.Prism\MyVet.Prism\MyVet.Prism.csproj", "{B062C92A-B73E-4211-8DD7-04783BA881FB}"
EndProject
Project("{FAE04EC0-301F-11D3-BF4B-00C04F79EFBC}") = "MyVet.Prism.Android", "MyVet.Prism\MyVet.Prism.Android\MyVet.Prism.Android.csproj", "{91798E3E-89B7-40DD-A7B3-83B168427216}"
EndProject
Project("{FAE04EC0-301F-11D3-BF4B-00C04F79EFBC}") = "MyVet.Prism.iOS", "MyVet.Prism\MyVet.Prism.iOS\MyVet.Prism.iOS.csproj", "{E24286B2-B8B1-48D3-926E-9D0570A56CF5}"
EndProject
Global
	GlobalSection(SolutionConfigurationPlatforms) = preSolution
		Ad-Hoc|Any CPU = Ad-Hoc|Any CPU
		Ad-Hoc|ARM = Ad-Hoc|ARM
		Ad-Hoc|iPhone = Ad-Hoc|iPhone
		Ad-Hoc|iPhoneSimulator = Ad-Hoc|iPhoneSimulator
		Ad-Hoc|x64 = Ad-Hoc|x64
		Ad-Hoc|x86 = Ad-Hoc|x86
		AppStore|Any CPU = AppStore|Any CPU
		AppStore|ARM = AppStore|ARM
		AppStore|iPhone = AppStore|iPhone
		AppStore|iPhoneSimulator = AppStore|iPhoneSimulator
		AppStore|x64 = AppStore|x64
		AppStore|x86 = AppStore|x86
		Debug|Any CPU = Debug|Any CPU
		Debug|ARM = Debug|ARM
		Debug|iPhone = Debug|iPhone
		Debug|iPhoneSimulator = Debug|iPhoneSimulator
		Debug|x64 = Debug|x64
		Debug|x86 = Debug|x86
		Release|Any CPU = Release|Any CPU
		Release|ARM = Release|ARM
		Release|iPhone = Release|iPhone
		Release|iPhoneSimulator = Release|iPhoneSimulator
		Release|x64 = Release|x64
		Release|x86 = Release|x86
	EndGlobalSection
	GlobalSection(ProjectConfigurationPlatforms) = postSolution
		{6D3D9CC1-C079-498F-A067-9649420D629E}.Ad-Hoc|Any CPU.ActiveCfg = Release|Any CPU
		{6D3D9CC1-C079-498F-A067-9649420D629E}.Ad-Hoc|Any CPU.Build.0 = Release|Any CPU
		{6D3D9CC1-C079-498F-A067-9649420D629E}.Ad-Hoc|ARM.ActiveCfg = Release|Any CPU
		{6D3D9CC1-C079-498F-A067-9649420D629E}.Ad-Hoc|ARM.Build.0 = Release|Any CPU
		{6D3D9CC1-C079-498F-A067-9649420D629E}.Ad-Hoc|iPhone.ActiveCfg = Release|Any CPU
		{6D3D9CC1-C079-498F-A067-9649420D629E}.Ad-Hoc|iPhone.Build.0 = Release|Any CPU
		{6D3D9CC1-C079-498F-A067-9649420D629E}.Ad-Hoc|iPhoneSimulator.ActiveCfg = Release|Any CPU
		{6D3D9CC1-C079-498F-A067-9649420D629E}.Ad-Hoc|iPhoneSimulator.Build.0 = Release|Any CPU
		{6D3D9CC1-C079-498F-A067-9649420D629E}.Ad-Hoc|x64.ActiveCfg = Release|Any CPU
		{6D3D9CC1-C079-498F-A067-9649420D629E}.Ad-Hoc|x64.Build.0 = Release|Any CPU
		{6D3D9CC1-C079-498F-A067-9649420D629E}.Ad-Hoc|x86.ActiveCfg = Release|Any CPU
		{6D3D9CC1-C079-498F-A067-9649420D629E}.Ad-Hoc|x86.Build.0 = Release|Any CPU
		{6D3D9CC1-C079-498F-A067-9649420D629E}.AppStore|Any CPU.ActiveCfg = Release|Any CPU
		{6D3D9CC1-C079-498F-A067-9649420D629E}.AppStore|Any CPU.Build.0 = Release|Any CPU
		{6D3D9CC1-C079-498F-A067-9649420D629E}.AppStore|ARM.ActiveCfg = Release|Any CPU
		{6D3D9CC1-C079-498F-A067-9649420D629E}.AppStore|ARM.Build.0 = Release|Any CPU
		{6D3D9CC1-C079-498F-A067-9649420D629E}.AppStore|iPhone.ActiveCfg = Release|Any CPU
		{6D3D9CC1-C079-498F-A067-9649420D629E}.AppStore|iPhone.Build.0 = Release|Any CPU
		{6D3D9CC1-C079-498F-A067-9649420D629E}.AppStore|iPhoneSimulator.ActiveCfg = Release|Any CPU
		{6D3D9CC1-C079-498F-A067-9649420D629E}.AppStore|iPhoneSimulator.Build.0 = Release|Any CPU
		{6D3D9CC1-C079-498F-A067-9649420D629E}.AppStore|x64.ActiveCfg = Release|Any CPU
		{6D3D9CC1-C079-498F-A067-9649420D629E}.AppStore|x64.Build.0 = Release|Any CPU
		{6D3D9CC1-C079-498F-A067-9649420D629E}.AppStore|x86.ActiveCfg = Release|Any CPU
		{6D3D9CC1-C079-498F-A067-9649420D629E}.AppStore|x86.Build.0 = Release|Any CPU
		{6D3D9CC1-C079-498F-A067-9649420D629E}.Debug|Any CPU.ActiveCfg = Debug|Any CPU
		{6D3D9CC1-C079-498F-A067-9649420D629E}.Debug|Any CPU.Build.0 = Debug|Any CPU
		{6D3D9CC1-C079-498F-A067-9649420D629E}.Debug|ARM.ActiveCfg = Debug|Any CPU
		{6D3D9CC1-C079-498F-A067-9649420D629E}.Debug|ARM.Build.0 = Debug|Any CPU
		{6D3D9CC1-C079-498F-A067-9649420D629E}.Debug|iPhone.ActiveCfg = Debug|Any CPU
		{6D3D9CC1-C079-498F-A067-9649420D629E}.Debug|iPhone.Build.0 = Debug|Any CPU
		{6D3D9CC1-C079-498F-A067-9649420D629E}.Debug|iPhoneSimulator.ActiveCfg = Debug|Any CPU
		{6D3D9CC1-C079-498F-A067-9649420D629E}.Debug|iPhoneSimulator.Build.0 = Debug|Any CPU
		{6D3D9CC1-C079-498F-A067-9649420D629E}.Debug|x64.ActiveCfg = Debug|Any CPU
		{6D3D9CC1-C079-498F-A067-9649420D629E}.Debug|x64.Build.0 = Debug|Any CPU
		{6D3D9CC1-C079-498F-A067-9649420D629E}.Debug|x86.ActiveCfg = Debug|Any CPU
		{6D3D9CC1-C079-498F-A067-9649420D629E}.Debug|x86.Build.0 = Debug|Any CPU
		{6D3D9CC1-C079-498F-A067-9649420D629E}.Release|Any CPU.ActiveCfg = Release|Any CPU
		{6D3D9CC1-C079-498F-A067-9649420D629E}.Release|Any CPU.Build.0 = Release|Any CPU
		{6D3D9CC1-C079-498F-A067-9649420D629E}.Release|ARM.ActiveCfg = Release|Any CPU
		{6D3D9CC1-C079-498F-A067-9649420D629E}.Release|ARM.Build.0 = Release|Any CPU
		{6D3D9CC1-C079-498F-A067-9649420D629E}.Release|iPhone.ActiveCfg = Release|Any CPU
		{6D3D9CC1-C079-498F-A067-9649420D629E}.Release|iPhone.Build.0 = Release|Any CPU
		{6D3D9CC1-C079-498F-A067-9649420D629E}.Release|iPhoneSimulator.ActiveCfg = Release|Any CPU
		{6D3D9CC1-C079-498F-A067-9649420D629E}.Release|iPhoneSimulator.Build.0 = Release|Any CPU
		{6D3D9CC1-C079-498F-A067-9649420D629E}.Release|x64.ActiveCfg = Release|Any CPU
		{6D3D9CC1-C079-498F-A067-9649420D629E}.Release|x64.Build.0 = Release|Any CPU
		{6D3D9CC1-C079-498F-A067-9649420D629E}.Release|x86.ActiveCfg = Release|Any CPU
		{6D3D9CC1-C079-498F-A067-9649420D629E}.Release|x86.Build.0 = Release|Any CPU
		{739877F5-64B7-442D-967A-8745C62E3D5F}.Ad-Hoc|Any CPU.ActiveCfg = Release|Any CPU
		{739877F5-64B7-442D-967A-8745C62E3D5F}.Ad-Hoc|Any CPU.Build.0 = Release|Any CPU
		{739877F5-64B7-442D-967A-8745C62E3D5F}.Ad-Hoc|ARM.ActiveCfg = Release|Any CPU
		{739877F5-64B7-442D-967A-8745C62E3D5F}.Ad-Hoc|ARM.Build.0 = Release|Any CPU
		{739877F5-64B7-442D-967A-8745C62E3D5F}.Ad-Hoc|iPhone.ActiveCfg = Release|Any CPU
		{739877F5-64B7-442D-967A-8745C62E3D5F}.Ad-Hoc|iPhone.Build.0 = Release|Any CPU
		{739877F5-64B7-442D-967A-8745C62E3D5F}.Ad-Hoc|iPhoneSimulator.ActiveCfg = Release|Any CPU
		{739877F5-64B7-442D-967A-8745C62E3D5F}.Ad-Hoc|iPhoneSimulator.Build.0 = Release|Any CPU
		{739877F5-64B7-442D-967A-8745C62E3D5F}.Ad-Hoc|x64.ActiveCfg = Release|Any CPU
		{739877F5-64B7-442D-967A-8745C62E3D5F}.Ad-Hoc|x64.Build.0 = Release|Any CPU
		{739877F5-64B7-442D-967A-8745C62E3D5F}.Ad-Hoc|x86.ActiveCfg = Release|Any CPU
		{739877F5-64B7-442D-967A-8745C62E3D5F}.Ad-Hoc|x86.Build.0 = Release|Any CPU
		{739877F5-64B7-442D-967A-8745C62E3D5F}.AppStore|Any CPU.ActiveCfg = Release|Any CPU
		{739877F5-64B7-442D-967A-8745C62E3D5F}.AppStore|Any CPU.Build.0 = Release|Any CPU
		{739877F5-64B7-442D-967A-8745C62E3D5F}.AppStore|ARM.ActiveCfg = Release|Any CPU
		{739877F5-64B7-442D-967A-8745C62E3D5F}.AppStore|ARM.Build.0 = Release|Any CPU
		{739877F5-64B7-442D-967A-8745C62E3D5F}.AppStore|iPhone.ActiveCfg = Release|Any CPU
		{739877F5-64B7-442D-967A-8745C62E3D5F}.AppStore|iPhone.Build.0 = Release|Any CPU
		{739877F5-64B7-442D-967A-8745C62E3D5F}.AppStore|iPhoneSimulator.ActiveCfg = Release|Any CPU
		{739877F5-64B7-442D-967A-8745C62E3D5F}.AppStore|iPhoneSimulator.Build.0 = Release|Any CPU
		{739877F5-64B7-442D-967A-8745C62E3D5F}.AppStore|x64.ActiveCfg = Release|Any CPU
		{739877F5-64B7-442D-967A-8745C62E3D5F}.AppStore|x64.Build.0 = Release|Any CPU
		{739877F5-64B7-442D-967A-8745C62E3D5F}.AppStore|x86.ActiveCfg = Release|Any CPU
		{739877F5-64B7-442D-967A-8745C62E3D5F}.AppStore|x86.Build.0 = Release|Any CPU
		{739877F5-64B7-442D-967A-8745C62E3D5F}.Debug|Any CPU.ActiveCfg = Debug|Any CPU
		{739877F5-64B7-442D-967A-8745C62E3D5F}.Debug|Any CPU.Build.0 = Debug|Any CPU
		{739877F5-64B7-442D-967A-8745C62E3D5F}.Debug|ARM.ActiveCfg = Debug|Any CPU
		{739877F5-64B7-442D-967A-8745C62E3D5F}.Debug|ARM.Build.0 = Debug|Any CPU
		{739877F5-64B7-442D-967A-8745C62E3D5F}.Debug|iPhone.ActiveCfg = Debug|Any CPU
		{739877F5-64B7-442D-967A-8745C62E3D5F}.Debug|iPhone.Build.0 = Debug|Any CPU
		{739877F5-64B7-442D-967A-8745C62E3D5F}.Debug|iPhoneSimulator.ActiveCfg = Debug|Any CPU
		{739877F5-64B7-442D-967A-8745C62E3D5F}.Debug|iPhoneSimulator.Build.0 = Debug|Any CPU
		{739877F5-64B7-442D-967A-8745C62E3D5F}.Debug|x64.ActiveCfg = Debug|Any CPU
		{739877F5-64B7-442D-967A-8745C62E3D5F}.Debug|x64.Build.0 = Debug|Any CPU
		{739877F5-64B7-442D-967A-8745C62E3D5F}.Debug|x86.ActiveCfg = Debug|Any CPU
		{739877F5-64B7-442D-967A-8745C62E3D5F}.Debug|x86.Build.0 = Debug|Any CPU
		{739877F5-64B7-442D-967A-8745C62E3D5F}.Release|Any CPU.ActiveCfg = Release|Any CPU
		{739877F5-64B7-442D-967A-8745C62E3D5F}.Release|Any CPU.Build.0 = Release|Any CPU
		{739877F5-64B7-442D-967A-8745C62E3D5F}.Release|ARM.ActiveCfg = Release|Any CPU
		{739877F5-64B7-442D-967A-8745C62E3D5F}.Release|ARM.Build.0 = Release|Any CPU
		{739877F5-64B7-442D-967A-8745C62E3D5F}.Release|iPhone.ActiveCfg = Release|Any CPU
		{739877F5-64B7-442D-967A-8745C62E3D5F}.Release|iPhone.Build.0 = Release|Any CPU
		{739877F5-64B7-442D-967A-8745C62E3D5F}.Release|iPhoneSimulator.ActiveCfg = Release|Any CPU
		{739877F5-64B7-442D-967A-8745C62E3D5F}.Release|iPhoneSimulator.Build.0 = Release|Any CPU
		{739877F5-64B7-442D-967A-8745C62E3D5F}.Release|x64.ActiveCfg = Release|Any CPU
		{739877F5-64B7-442D-967A-8745C62E3D5F}.Release|x64.Build.0 = Release|Any CPU
		{739877F5-64B7-442D-967A-8745C62E3D5F}.Release|x86.ActiveCfg = Release|Any CPU
		{739877F5-64B7-442D-967A-8745C62E3D5F}.Release|x86.Build.0 = Release|Any CPU
		{B062C92A-B73E-4211-8DD7-04783BA881FB}.Ad-Hoc|Any CPU.ActiveCfg = Debug|Any CPU
		{B062C92A-B73E-4211-8DD7-04783BA881FB}.Ad-Hoc|Any CPU.Build.0 = Debug|Any CPU
		{B062C92A-B73E-4211-8DD7-04783BA881FB}.Ad-Hoc|ARM.ActiveCfg = Debug|Any CPU
		{B062C92A-B73E-4211-8DD7-04783BA881FB}.Ad-Hoc|ARM.Build.0 = Debug|Any CPU
		{B062C92A-B73E-4211-8DD7-04783BA881FB}.Ad-Hoc|iPhone.ActiveCfg = Debug|Any CPU
		{B062C92A-B73E-4211-8DD7-04783BA881FB}.Ad-Hoc|iPhone.Build.0 = Debug|Any CPU
		{B062C92A-B73E-4211-8DD7-04783BA881FB}.Ad-Hoc|iPhoneSimulator.ActiveCfg = Debug|Any CPU
		{B062C92A-B73E-4211-8DD7-04783BA881FB}.Ad-Hoc|iPhoneSimulator.Build.0 = Debug|Any CPU
		{B062C92A-B73E-4211-8DD7-04783BA881FB}.Ad-Hoc|x64.ActiveCfg = Debug|Any CPU
		{B062C92A-B73E-4211-8DD7-04783BA881FB}.Ad-Hoc|x64.Build.0 = Debug|Any CPU
		{B062C92A-B73E-4211-8DD7-04783BA881FB}.Ad-Hoc|x86.ActiveCfg = Debug|Any CPU
		{B062C92A-B73E-4211-8DD7-04783BA881FB}.Ad-Hoc|x86.Build.0 = Debug|Any CPU
		{B062C92A-B73E-4211-8DD7-04783BA881FB}.AppStore|Any CPU.ActiveCfg = Debug|Any CPU
		{B062C92A-B73E-4211-8DD7-04783BA881FB}.AppStore|Any CPU.Build.0 = Debug|Any CPU
		{B062C92A-B73E-4211-8DD7-04783BA881FB}.AppStore|ARM.ActiveCfg = Debug|Any CPU
		{B062C92A-B73E-4211-8DD7-04783BA881FB}.AppStore|ARM.Build.0 = Debug|Any CPU
		{B062C92A-B73E-4211-8DD7-04783BA881FB}.AppStore|iPhone.ActiveCfg = Debug|Any CPU
		{B062C92A-B73E-4211-8DD7-04783BA881FB}.AppStore|iPhone.Build.0 = Debug|Any CPU
		{B062C92A-B73E-4211-8DD7-04783BA881FB}.AppStore|iPhoneSimulator.ActiveCfg = Debug|Any CPU
		{B062C92A-B73E-4211-8DD7-04783BA881FB}.AppStore|iPhoneSimulator.Build.0 = Debug|Any CPU
		{B062C92A-B73E-4211-8DD7-04783BA881FB}.AppStore|x64.ActiveCfg = Debug|Any CPU
		{B062C92A-B73E-4211-8DD7-04783BA881FB}.AppStore|x64.Build.0 = Debug|Any CPU
		{B062C92A-B73E-4211-8DD7-04783BA881FB}.AppStore|x86.ActiveCfg = Debug|Any CPU
		{B062C92A-B73E-4211-8DD7-04783BA881FB}.AppStore|x86.Build.0 = Debug|Any CPU
		{B062C92A-B73E-4211-8DD7-04783BA881FB}.Debug|Any CPU.ActiveCfg = Debug|Any CPU
		{B062C92A-B73E-4211-8DD7-04783BA881FB}.Debug|Any CPU.Build.0 = Debug|Any CPU
		{B062C92A-B73E-4211-8DD7-04783BA881FB}.Debug|ARM.ActiveCfg = Debug|Any CPU
		{B062C92A-B73E-4211-8DD7-04783BA881FB}.Debug|ARM.Build.0 = Debug|Any CPU
		{B062C92A-B73E-4211-8DD7-04783BA881FB}.Debug|iPhone.ActiveCfg = Debug|Any CPU
		{B062C92A-B73E-4211-8DD7-04783BA881FB}.Debug|iPhone.Build.0 = Debug|Any CPU
		{B062C92A-B73E-4211-8DD7-04783BA881FB}.Debug|iPhoneSimulator.ActiveCfg = Debug|Any CPU
		{B062C92A-B73E-4211-8DD7-04783BA881FB}.Debug|iPhoneSimulator.Build.0 = Debug|Any CPU
		{B062C92A-B73E-4211-8DD7-04783BA881FB}.Debug|x64.ActiveCfg = Debug|Any CPU
		{B062C92A-B73E-4211-8DD7-04783BA881FB}.Debug|x64.Build.0 = Debug|Any CPU
		{B062C92A-B73E-4211-8DD7-04783BA881FB}.Debug|x86.ActiveCfg = Debug|Any CPU
		{B062C92A-B73E-4211-8DD7-04783BA881FB}.Debug|x86.Build.0 = Debug|Any CPU
		{B062C92A-B73E-4211-8DD7-04783BA881FB}.Release|Any CPU.ActiveCfg = Release|Any CPU
		{B062C92A-B73E-4211-8DD7-04783BA881FB}.Release|Any CPU.Build.0 = Release|Any CPU
		{B062C92A-B73E-4211-8DD7-04783BA881FB}.Release|ARM.ActiveCfg = Release|Any CPU
		{B062C92A-B73E-4211-8DD7-04783BA881FB}.Release|ARM.Build.0 = Release|Any CPU
		{B062C92A-B73E-4211-8DD7-04783BA881FB}.Release|iPhone.ActiveCfg = Release|Any CPU
		{B062C92A-B73E-4211-8DD7-04783BA881FB}.Release|iPhone.Build.0 = Release|Any CPU
		{B062C92A-B73E-4211-8DD7-04783BA881FB}.Release|iPhoneSimulator.ActiveCfg = Release|Any CPU
		{B062C92A-B73E-4211-8DD7-04783BA881FB}.Release|iPhoneSimulator.Build.0 = Release|Any CPU
		{B062C92A-B73E-4211-8DD7-04783BA881FB}.Release|x64.ActiveCfg = Release|Any CPU
		{B062C92A-B73E-4211-8DD7-04783BA881FB}.Release|x64.Build.0 = Release|Any CPU
		{B062C92A-B73E-4211-8DD7-04783BA881FB}.Release|x86.ActiveCfg = Release|Any CPU
		{B062C92A-B73E-4211-8DD7-04783BA881FB}.Release|x86.Build.0 = Release|Any CPU
		{91798E3E-89B7-40DD-A7B3-83B168427216}.Ad-Hoc|Any CPU.ActiveCfg = Release|Any CPU
		{91798E3E-89B7-40DD-A7B3-83B168427216}.Ad-Hoc|Any CPU.Build.0 = Release|Any CPU
		{91798E3E-89B7-40DD-A7B3-83B168427216}.Ad-Hoc|Any CPU.Deploy.0 = Release|Any CPU
		{91798E3E-89B7-40DD-A7B3-83B168427216}.Ad-Hoc|ARM.ActiveCfg = Release|Any CPU
		{91798E3E-89B7-40DD-A7B3-83B168427216}.Ad-Hoc|ARM.Build.0 = Release|Any CPU
		{91798E3E-89B7-40DD-A7B3-83B168427216}.Ad-Hoc|ARM.Deploy.0 = Release|Any CPU
		{91798E3E-89B7-40DD-A7B3-83B168427216}.Ad-Hoc|iPhone.ActiveCfg = Release|Any CPU
		{91798E3E-89B7-40DD-A7B3-83B168427216}.Ad-Hoc|iPhone.Build.0 = Release|Any CPU
		{91798E3E-89B7-40DD-A7B3-83B168427216}.Ad-Hoc|iPhone.Deploy.0 = Release|Any CPU
		{91798E3E-89B7-40DD-A7B3-83B168427216}.Ad-Hoc|iPhoneSimulator.ActiveCfg = Release|Any CPU
		{91798E3E-89B7-40DD-A7B3-83B168427216}.Ad-Hoc|iPhoneSimulator.Build.0 = Release|Any CPU
		{91798E3E-89B7-40DD-A7B3-83B168427216}.Ad-Hoc|iPhoneSimulator.Deploy.0 = Release|Any CPU
		{91798E3E-89B7-40DD-A7B3-83B168427216}.Ad-Hoc|x64.ActiveCfg = Release|Any CPU
		{91798E3E-89B7-40DD-A7B3-83B168427216}.Ad-Hoc|x64.Build.0 = Release|Any CPU
		{91798E3E-89B7-40DD-A7B3-83B168427216}.Ad-Hoc|x64.Deploy.0 = Release|Any CPU
		{91798E3E-89B7-40DD-A7B3-83B168427216}.Ad-Hoc|x86.ActiveCfg = Release|Any CPU
		{91798E3E-89B7-40DD-A7B3-83B168427216}.Ad-Hoc|x86.Build.0 = Release|Any CPU
		{91798E3E-89B7-40DD-A7B3-83B168427216}.Ad-Hoc|x86.Deploy.0 = Release|Any CPU
		{91798E3E-89B7-40DD-A7B3-83B168427216}.AppStore|Any CPU.ActiveCfg = Release|Any CPU
		{91798E3E-89B7-40DD-A7B3-83B168427216}.AppStore|Any CPU.Build.0 = Release|Any CPU
		{91798E3E-89B7-40DD-A7B3-83B168427216}.AppStore|Any CPU.Deploy.0 = Release|Any CPU
		{91798E3E-89B7-40DD-A7B3-83B168427216}.AppStore|ARM.ActiveCfg = Release|Any CPU
		{91798E3E-89B7-40DD-A7B3-83B168427216}.AppStore|ARM.Build.0 = Release|Any CPU
		{91798E3E-89B7-40DD-A7B3-83B168427216}.AppStore|ARM.Deploy.0 = Release|Any CPU
		{91798E3E-89B7-40DD-A7B3-83B168427216}.AppStore|iPhone.ActiveCfg = Release|Any CPU
		{91798E3E-89B7-40DD-A7B3-83B168427216}.AppStore|iPhone.Build.0 = Release|Any CPU
		{91798E3E-89B7-40DD-A7B3-83B168427216}.AppStore|iPhone.Deploy.0 = Release|Any CPU
		{91798E3E-89B7-40DD-A7B3-83B168427216}.AppStore|iPhoneSimulator.ActiveCfg = Release|Any CPU
		{91798E3E-89B7-40DD-A7B3-83B168427216}.AppStore|iPhoneSimulator.Build.0 = Release|Any CPU
		{91798E3E-89B7-40DD-A7B3-83B168427216}.AppStore|iPhoneSimulator.Deploy.0 = Release|Any CPU
		{91798E3E-89B7-40DD-A7B3-83B168427216}.AppStore|x64.ActiveCfg = Release|Any CPU
		{91798E3E-89B7-40DD-A7B3-83B168427216}.AppStore|x64.Build.0 = Release|Any CPU
		{91798E3E-89B7-40DD-A7B3-83B168427216}.AppStore|x64.Deploy.0 = Release|Any CPU
		{91798E3E-89B7-40DD-A7B3-83B168427216}.AppStore|x86.ActiveCfg = Release|Any CPU
		{91798E3E-89B7-40DD-A7B3-83B168427216}.AppStore|x86.Build.0 = Release|Any CPU
		{91798E3E-89B7-40DD-A7B3-83B168427216}.AppStore|x86.Deploy.0 = Release|Any CPU
		{91798E3E-89B7-40DD-A7B3-83B168427216}.Debug|Any CPU.ActiveCfg = Debug|Any CPU
		{91798E3E-89B7-40DD-A7B3-83B168427216}.Debug|Any CPU.Build.0 = Debug|Any CPU
		{91798E3E-89B7-40DD-A7B3-83B168427216}.Debug|Any CPU.Deploy.0 = Debug|Any CPU
		{91798E3E-89B7-40DD-A7B3-83B168427216}.Debug|ARM.ActiveCfg = Debug|Any CPU
		{91798E3E-89B7-40DD-A7B3-83B168427216}.Debug|ARM.Build.0 = Debug|Any CPU
		{91798E3E-89B7-40DD-A7B3-83B168427216}.Debug|ARM.Deploy.0 = Debug|Any CPU
		{91798E3E-89B7-40DD-A7B3-83B168427216}.Debug|iPhone.ActiveCfg = Debug|Any CPU
		{91798E3E-89B7-40DD-A7B3-83B168427216}.Debug|iPhone.Build.0 = Debug|Any CPU
		{91798E3E-89B7-40DD-A7B3-83B168427216}.Debug|iPhone.Deploy.0 = Debug|Any CPU
		{91798E3E-89B7-40DD-A7B3-83B168427216}.Debug|iPhoneSimulator.ActiveCfg = Debug|Any CPU
		{91798E3E-89B7-40DD-A7B3-83B168427216}.Debug|iPhoneSimulator.Build.0 = Debug|Any CPU
		{91798E3E-89B7-40DD-A7B3-83B168427216}.Debug|iPhoneSimulator.Deploy.0 = Debug|Any CPU
		{91798E3E-89B7-40DD-A7B3-83B168427216}.Debug|x64.ActiveCfg = Debug|Any CPU
		{91798E3E-89B7-40DD-A7B3-83B168427216}.Debug|x64.Build.0 = Debug|Any CPU
		{91798E3E-89B7-40DD-A7B3-83B168427216}.Debug|x64.Deploy.0 = Debug|Any CPU
		{91798E3E-89B7-40DD-A7B3-83B168427216}.Debug|x86.ActiveCfg = Debug|Any CPU
		{91798E3E-89B7-40DD-A7B3-83B168427216}.Debug|x86.Build.0 = Debug|Any CPU
		{91798E3E-89B7-40DD-A7B3-83B168427216}.Debug|x86.Deploy.0 = Debug|Any CPU
		{91798E3E-89B7-40DD-A7B3-83B168427216}.Release|Any CPU.ActiveCfg = Release|Any CPU
		{91798E3E-89B7-40DD-A7B3-83B168427216}.Release|Any CPU.Build.0 = Release|Any CPU
		{91798E3E-89B7-40DD-A7B3-83B168427216}.Release|Any CPU.Deploy.0 = Release|Any CPU
		{91798E3E-89B7-40DD-A7B3-83B168427216}.Release|ARM.ActiveCfg = Release|Any CPU
		{91798E3E-89B7-40DD-A7B3-83B168427216}.Release|ARM.Build.0 = Release|Any CPU
		{91798E3E-89B7-40DD-A7B3-83B168427216}.Release|ARM.Deploy.0 = Release|Any CPU
		{91798E3E-89B7-40DD-A7B3-83B168427216}.Release|iPhone.ActiveCfg = Release|Any CPU
		{91798E3E-89B7-40DD-A7B3-83B168427216}.Release|iPhone.Build.0 = Release|Any CPU
		{91798E3E-89B7-40DD-A7B3-83B168427216}.Release|iPhone.Deploy.0 = Release|Any CPU
		{91798E3E-89B7-40DD-A7B3-83B168427216}.Release|iPhoneSimulator.ActiveCfg = Release|Any CPU
		{91798E3E-89B7-40DD-A7B3-83B168427216}.Release|iPhoneSimulator.Build.0 = Release|Any CPU
		{91798E3E-89B7-40DD-A7B3-83B168427216}.Release|iPhoneSimulator.Deploy.0 = Release|Any CPU
		{91798E3E-89B7-40DD-A7B3-83B168427216}.Release|x64.ActiveCfg = Release|Any CPU
		{91798E3E-89B7-40DD-A7B3-83B168427216}.Release|x64.Build.0 = Release|Any CPU
		{91798E3E-89B7-40DD-A7B3-83B168427216}.Release|x64.Deploy.0 = Release|Any CPU
		{91798E3E-89B7-40DD-A7B3-83B168427216}.Release|x86.ActiveCfg = Release|Any CPU
		{91798E3E-89B7-40DD-A7B3-83B168427216}.Release|x86.Build.0 = Release|Any CPU
		{91798E3E-89B7-40DD-A7B3-83B168427216}.Release|x86.Deploy.0 = Release|Any CPU
		{E24286B2-B8B1-48D3-926E-9D0570A56CF5}.Ad-Hoc|Any CPU.ActiveCfg = Ad-Hoc|iPhone
		{E24286B2-B8B1-48D3-926E-9D0570A56CF5}.Ad-Hoc|ARM.ActiveCfg = Ad-Hoc|iPhone
		{E24286B2-B8B1-48D3-926E-9D0570A56CF5}.Ad-Hoc|iPhone.ActiveCfg = Ad-Hoc|iPhone
		{E24286B2-B8B1-48D3-926E-9D0570A56CF5}.Ad-Hoc|iPhone.Build.0 = Ad-Hoc|iPhone
		{E24286B2-B8B1-48D3-926E-9D0570A56CF5}.Ad-Hoc|iPhoneSimulator.ActiveCfg = Ad-Hoc|iPhoneSimulator
		{E24286B2-B8B1-48D3-926E-9D0570A56CF5}.Ad-Hoc|iPhoneSimulator.Build.0 = Ad-Hoc|iPhoneSimulator
		{E24286B2-B8B1-48D3-926E-9D0570A56CF5}.Ad-Hoc|x64.ActiveCfg = Ad-Hoc|iPhone
		{E24286B2-B8B1-48D3-926E-9D0570A56CF5}.Ad-Hoc|x86.ActiveCfg = Ad-Hoc|iPhone
		{E24286B2-B8B1-48D3-926E-9D0570A56CF5}.AppStore|Any CPU.ActiveCfg = AppStore|iPhone
		{E24286B2-B8B1-48D3-926E-9D0570A56CF5}.AppStore|ARM.ActiveCfg = AppStore|iPhone
		{E24286B2-B8B1-48D3-926E-9D0570A56CF5}.AppStore|iPhone.ActiveCfg = AppStore|iPhone
		{E24286B2-B8B1-48D3-926E-9D0570A56CF5}.AppStore|iPhone.Build.0 = AppStore|iPhone
		{E24286B2-B8B1-48D3-926E-9D0570A56CF5}.AppStore|iPhoneSimulator.ActiveCfg = AppStore|iPhoneSimulator
		{E24286B2-B8B1-48D3-926E-9D0570A56CF5}.AppStore|iPhoneSimulator.Build.0 = AppStore|iPhoneSimulator
		{E24286B2-B8B1-48D3-926E-9D0570A56CF5}.AppStore|x64.ActiveCfg = AppStore|iPhone
		{E24286B2-B8B1-48D3-926E-9D0570A56CF5}.AppStore|x86.ActiveCfg = AppStore|iPhone
		{E24286B2-B8B1-48D3-926E-9D0570A56CF5}.Debug|Any CPU.ActiveCfg = Debug|iPhone
		{E24286B2-B8B1-48D3-926E-9D0570A56CF5}.Debug|ARM.ActiveCfg = Debug|iPhone
		{E24286B2-B8B1-48D3-926E-9D0570A56CF5}.Debug|iPhone.ActiveCfg = Debug|iPhone
		{E24286B2-B8B1-48D3-926E-9D0570A56CF5}.Debug|iPhone.Build.0 = Debug|iPhone
		{E24286B2-B8B1-48D3-926E-9D0570A56CF5}.Debug|iPhoneSimulator.ActiveCfg = Debug|iPhoneSimulator
		{E24286B2-B8B1-48D3-926E-9D0570A56CF5}.Debug|iPhoneSimulator.Build.0 = Debug|iPhoneSimulator
		{E24286B2-B8B1-48D3-926E-9D0570A56CF5}.Debug|x64.ActiveCfg = Debug|iPhone
		{E24286B2-B8B1-48D3-926E-9D0570A56CF5}.Debug|x86.ActiveCfg = Debug|iPhone
		{E24286B2-B8B1-48D3-926E-9D0570A56CF5}.Release|Any CPU.ActiveCfg = Release|iPhone
		{E24286B2-B8B1-48D3-926E-9D0570A56CF5}.Release|ARM.ActiveCfg = Release|iPhone
		{E24286B2-B8B1-48D3-926E-9D0570A56CF5}.Release|iPhone.ActiveCfg = Release|iPhone
		{E24286B2-B8B1-48D3-926E-9D0570A56CF5}.Release|iPhone.Build.0 = Release|iPhone
		{E24286B2-B8B1-48D3-926E-9D0570A56CF5}.Release|iPhoneSimulator.ActiveCfg = Release|iPhoneSimulator
		{E24286B2-B8B1-48D3-926E-9D0570A56CF5}.Release|iPhoneSimulator.Build.0 = Release|iPhoneSimulator
		{E24286B2-B8B1-48D3-926E-9D0570A56CF5}.Release|x64.ActiveCfg = Release|iPhone
		{E24286B2-B8B1-48D3-926E-9D0570A56CF5}.Release|x86.ActiveCfg = Release|iPhone
	EndGlobalSection
	GlobalSection(SolutionProperties) = preSolution
		HideSolutionNode = FALSE
	EndGlobalSection
	GlobalSection(ExtensibilityGlobals) = postSolution
		SolutionGuid = {FFF7B8B7-9998-4C10-BAFF-ECAB3ADA206F}
	EndGlobalSection
EndGlobal
